
Microsoft Visual Studio Solution File, Format Version 12.00
# Visual Studio Version 17
VisualStudioVersion = 17.0.31919.166
MinimumVisualStudioVersion = 10.0.40219.1
Project("{9A19103F-16F7-4668-BE54-9A1E7A4F7556}") = "Integrador.ConsoleApp", "Integrador.ConsoleApp\Integrador.ConsoleApp.csproj", "{18D6EDE6-8F30-4D54-9B2F-C09602D467A3}"
EndProject
Project("{FAE04EC0-301F-11D3-BF4B-00C04F79EFBC}") = "Integrador.Tests", "Integrador.Tests\Integrador.Tests.csproj", "{5EE28C4B-50BE-4E71-AD46-2023DD0646EB}"
EndProject
Global
	GlobalSection(SolutionConfigurationPlatforms) = preSolution
		Debug|Any CPU = Debug|Any CPU
		Release|Any CPU = Release|Any CPU
	EndGlobalSection
	GlobalSection(ProjectConfigurationPlatforms) = postSolution
		{18D6EDE6-8F30-4D54-9B2F-C09602D467A3}.Debug|Any CPU.ActiveCfg = Debug|Any CPU
		{18D6EDE6-8F30-4D54-9B2F-C09602D467A3}.Debug|Any CPU.Build.0 = Debug|Any CPU
		{18D6EDE6-8F30-4D54-9B2F-C09602D467A3}.Release|Any CPU.ActiveCfg = Release|Any CPU
		{18D6EDE6-8F30-4D54-9B2F-C09602D467A3}.Release|Any CPU.Build.0 = Release|Any CPU
		{5EE28C4B-50BE-4E71-AD46-2023DD0646EB}.Debug|Any CPU.ActiveCfg = Debug|Any CPU
		{5EE28C4B-50BE-4E71-AD46-2023DD0646EB}.Debug|Any CPU.Build.0 = Debug|Any CPU
		{5EE28C4B-50BE-4E71-AD46-2023DD0646EB}.Release|Any CPU.ActiveCfg = Release|Any CPU
		{5EE28C4B-50BE-4E71-AD46-2023DD0646EB}.Release|Any CPU.Build.0 = Release|Any CPU
	EndGlobalSection
	GlobalSection(SolutionProperties) = preSolution
		HideSolutionNode = FALSE
	EndGlobalSection
	GlobalSection(ExtensibilityGlobals) = postSolution
		SolutionGuid = {E63F346A-7F9B-4C28-830F-DA849CD09134}
	EndGlobalSection
EndGlobal
