
Microsoft Visual Studio Solution File, Format Version 12.00
Project("{FAE04EC0-301F-11D3-BF4B-00C04F79EFBC}") = "Integrador.ConsoleApp", "Integrador.ConsoleApp\Integrador.ConsoleApp.csproj", "{18D6EDE6-8F30-4D54-9B2F-C09602D467A3}"
EndProject
Global
	GlobalSection(SolutionConfigurationPlatforms) = preSolution
		Debug|Any CPU = Debug|Any CPU
		Release|Any CPU = Release|Any CPU
	EndGlobalSection
	GlobalSection(ProjectConfigurationPlatforms) = postSolution
		{18D6EDE6-8F30-4D54-9B2F-C09602D467A3}.Debug|Any CPU.ActiveCfg = Debug|Any CPU
		{18D6EDE6-8F30-4D54-9B2F-C09602D467A3}.Debug|Any CPU.Build.0 = Debug|Any CPU
		{18D6EDE6-8F30-4D54-9B2F-C09602D467A3}.Release|Any CPU.ActiveCfg = Release|Any CPU
		{18D6EDE6-8F30-4D54-9B2F-C09602D467A3}.Release|Any CPU.Build.0 = Release|Any CPU
	EndGlobalSection
EndGlobal
